// !$*UTF8*$!
{
	archiveVersion = 1;
	classes = {
	};
	objectVersion = 46;
	objects = {

/* Begin PBXBuildFile section */
		845C0C651AC777320033E78D /* main.m in Sources */ = {isa = PBXBuildFile; fileRef = 845C0C641AC777320033E78D /* main.m */; };
		845C0C681AC777320033E78D /* AppDelegate.m in Sources */ = {isa = PBXBuildFile; fileRef = 845C0C671AC777320033E78D /* AppDelegate.m */; };
		845C0C6B1AC777320033E78D /* LessonOne.xcdatamodeld in Sources */ = {isa = PBXBuildFile; fileRef = 845C0C691AC777320033E78D /* LessonOne.xcdatamodeld */; };
		845C0C6E1AC777320033E78D /* ViewController.m in Sources */ = {isa = PBXBuildFile; fileRef = 845C0C6D1AC777320033E78D /* ViewController.m */; };
		845C0C711AC777320033E78D /* Main.storyboard in Resources */ = {isa = PBXBuildFile; fileRef = 845C0C6F1AC777320033E78D /* Main.storyboard */; };
		845C0C731AC777320033E78D /* Images.xcassets in Resources */ = {isa = PBXBuildFile; fileRef = 845C0C721AC777320033E78D /* Images.xcassets */; };
		845C0C761AC777320033E78D /* LaunchScreen.xib in Resources */ = {isa = PBXBuildFile; fileRef = 845C0C741AC777320033E78D /* LaunchScreen.xib */; };
		845C0C821AC777320033E78D /* LessonOneTests.m in Sources */ = {isa = PBXBuildFile; fileRef = 845C0C811AC777320033E78D /* LessonOneTests.m */; };
		845C0C8D1AC777960033E78D /* Foundation.framework in Frameworks */ = {isa = PBXBuildFile; fileRef = 845C0C8C1AC777960033E78D /* Foundation.framework */; };
		845C0C8F1AC7779E0033E78D /* UIKit.framework in Frameworks */ = {isa = PBXBuildFile; fileRef = 845C0C8E1AC7779E0033E78D /* UIKit.framework */; };
		845C0C911AC777A40033E78D /* QuartzCore.framework in Frameworks */ = {isa = PBXBuildFile; fileRef = 845C0C901AC777A40033E78D /* QuartzCore.framework */; };
		845C0C941AC777E90033E78D /* InsectDeterminant.m in Sources */ = {isa = PBXBuildFile; fileRef = 845C0C931AC777E90033E78D /* InsectDeterminant.m */; };
/* End PBXBuildFile section */

/* Begin PBXContainerItemProxy section */
		845C0C7C1AC777320033E78D /* PBXContainerItemProxy */ = {
			isa = PBXContainerItemProxy;
			containerPortal = 845C0C571AC777320033E78D /* Project object */;
			proxyType = 1;
			remoteGlobalIDString = 845C0C5E1AC777320033E78D;
			remoteInfo = LessonOne;
		};
/* End PBXContainerItemProxy section */

/* Begin PBXFileReference section */
		845C0C5F1AC777320033E78D /* LessonOne.app */ = {isa = PBXFileReference; explicitFileType = wrapper.application; includeInIndex = 0; path = LessonOne.app; sourceTree = BUILT_PRODUCTS_DIR; };
		845C0C631AC777320033E78D /* Info.plist */ = {isa = PBXFileReference; lastKnownFileType = text.plist.xml; path = Info.plist; sourceTree = "<group>"; };
		845C0C641AC777320033E78D /* main.m */ = {isa = PBXFileReference; lastKnownFileType = sourcecode.c.objc; path = main.m; sourceTree = "<group>"; };
		845C0C661AC777320033E78D /* AppDelegate.h */ = {isa = PBXFileReference; lastKnownFileType = sourcecode.c.h; path = AppDelegate.h; sourceTree = "<group>"; };
		845C0C671AC777320033E78D /* AppDelegate.m */ = {isa = PBXFileReference; lastKnownFileType = sourcecode.c.objc; path = AppDelegate.m; sourceTree = "<group>"; };
		845C0C6A1AC777320033E78D /* LessonOne.xcdatamodel */ = {isa = PBXFileReference; lastKnownFileType = wrapper.xcdatamodel; path = LessonOne.xcdatamodel; sourceTree = "<group>"; };
		845C0C6C1AC777320033E78D /* ViewController.h */ = {isa = PBXFileReference; lastKnownFileType = sourcecode.c.h; path = ViewController.h; sourceTree = "<group>"; };
		845C0C6D1AC777320033E78D /* ViewController.m */ = {isa = PBXFileReference; lastKnownFileType = sourcecode.c.objc; path = ViewController.m; sourceTree = "<group>"; };
		845C0C701AC777320033E78D /* Base */ = {isa = PBXFileReference; lastKnownFileType = file.storyboard; name = Base; path = Base.lproj/Main.storyboard; sourceTree = "<group>"; };
		845C0C721AC777320033E78D /* Images.xcassets */ = {isa = PBXFileReference; lastKnownFileType = folder.assetcatalog; path = Images.xcassets; sourceTree = "<group>"; };
		845C0C751AC777320033E78D /* Base */ = {isa = PBXFileReference; lastKnownFileType = file.xib; name = Base; path = Base.lproj/LaunchScreen.xib; sourceTree = "<group>"; };
		845C0C7B1AC777320033E78D /* LessonOneTests.xctest */ = {isa = PBXFileReference; explicitFileType = wrapper.cfbundle; includeInIndex = 0; path = LessonOneTests.xctest; sourceTree = BUILT_PRODUCTS_DIR; };
		845C0C801AC777320033E78D /* Info.plist */ = {isa = PBXFileReference; lastKnownFileType = text.plist.xml; path = Info.plist; sourceTree = "<group>"; };
		845C0C811AC777320033E78D /* LessonOneTests.m */ = {isa = PBXFileReference; lastKnownFileType = sourcecode.c.objc; path = LessonOneTests.m; sourceTree = "<group>"; };
		845C0C8C1AC777960033E78D /* Foundation.framework */ = {isa = PBXFileReference; lastKnownFileType = wrapper.framework; name = Foundation.framework; path = System/Library/Frameworks/Foundation.framework; sourceTree = SDKROOT; };
		845C0C8E1AC7779E0033E78D /* UIKit.framework */ = {isa = PBXFileReference; lastKnownFileType = wrapper.framework; name = UIKit.framework; path = System/Library/Frameworks/UIKit.framework; sourceTree = SDKROOT; };
		845C0C901AC777A40033E78D /* QuartzCore.framework */ = {isa = PBXFileReference; lastKnownFileType = wrapper.framework; name = QuartzCore.framework; path = System/Library/Frameworks/QuartzCore.framework; sourceTree = SDKROOT; };
		845C0C921AC777E90033E78D /* InsectDeterminant.h */ = {isa = PBXFileReference; fileEncoding = 4; lastKnownFileType = sourcecode.c.h; path = InsectDeterminant.h; sourceTree = "<group>"; };
		845C0C931AC777E90033E78D /* InsectDeterminant.m */ = {isa = PBXFileReference; fileEncoding = 4; lastKnownFileType = sourcecode.c.objc; path = InsectDeterminant.m; sourceTree = "<group>"; };
/* End PBXFileReference section */

/* Begin PBXFrameworksBuildPhase section */
		845C0C5C1AC777320033E78D /* Frameworks */ = {
			isa = PBXFrameworksBuildPhase;
			buildActionMask = 2147483647;
			files = (
				845C0C911AC777A40033E78D /* QuartzCore.framework in Frameworks */,
				845C0C8F1AC7779E0033E78D /* UIKit.framework in Frameworks */,
				845C0C8D1AC777960033E78D /* Foundation.framework in Frameworks */,
			);
			runOnlyForDeploymentPostprocessing = 0;
		};
		845C0C781AC777320033E78D /* Frameworks */ = {
			isa = PBXFrameworksBuildPhase;
			buildActionMask = 2147483647;
			files = (
			);
			runOnlyForDeploymentPostprocessing = 0;
		};
/* End PBXFrameworksBuildPhase section */

/* Begin PBXGroup section */
		845C0C561AC777320033E78D = {
			isa = PBXGroup;
			children = (
				845C0C951AC7781F0033E78D /* InsectDeterminant */,
				845C0C8B1AC7775D0033E78D /* Framworks */,
				845C0C611AC777320033E78D /* LessonOne */,
				845C0C7E1AC777320033E78D /* LessonOneTests */,
				845C0C601AC777320033E78D /* Products */,
			);
			sourceTree = "<group>";
		};
		845C0C601AC777320033E78D /* Products */ = {
			isa = PBXGroup;
			children = (
				845C0C5F1AC777320033E78D /* LessonOne.app */,
				845C0C7B1AC777320033E78D /* LessonOneTests.xctest */,
			);
			name = Products;
			sourceTree = "<group>";
		};
		845C0C611AC777320033E78D /* LessonOne */ = {
			isa = PBXGroup;
			children = (
				845C0C661AC777320033E78D /* AppDelegate.h */,
				845C0C671AC777320033E78D /* AppDelegate.m */,
				845C0C6C1AC777320033E78D /* ViewController.h */,
				845C0C6D1AC777320033E78D /* ViewController.m */,
				845C0C6F1AC777320033E78D /* Main.storyboard */,
				845C0C721AC777320033E78D /* Images.xcassets */,
				845C0C741AC777320033E78D /* LaunchScreen.xib */,
				845C0C691AC777320033E78D /* LessonOne.xcdatamodeld */,
				845C0C621AC777320033E78D /* Supporting Files */,
			);
			path = LessonOne;
			sourceTree = "<group>";
		};
		845C0C621AC777320033E78D /* Supporting Files */ = {
			isa = PBXGroup;
			children = (
				845C0C631AC777320033E78D /* Info.plist */,
				845C0C641AC777320033E78D /* main.m */,
			);
			name = "Supporting Files";
			sourceTree = "<group>";
		};
		845C0C7E1AC777320033E78D /* LessonOneTests */ = {
			isa = PBXGroup;
			children = (
				845C0C811AC777320033E78D /* LessonOneTests.m */,
				845C0C7F1AC777320033E78D /* Supporting Files */,
			);
			path = LessonOneTests;
			sourceTree = "<group>";
		};
		845C0C7F1AC777320033E78D /* Supporting Files */ = {
			isa = PBXGroup;
			children = (
				845C0C801AC777320033E78D /* Info.plist */,
			);
			name = "Supporting Files";
			sourceTree = "<group>";
		};
		845C0C8B1AC7775D0033E78D /* Framworks */ = {
			isa = PBXGroup;
			children = (
				845C0C901AC777A40033E78D /* QuartzCore.framework */,
				845C0C8E1AC7779E0033E78D /* UIKit.framework */,
				845C0C8C1AC777960033E78D /* Foundation.framework */,
			);
			name = Framworks;
			sourceTree = "<group>";
		};
		845C0C951AC7781F0033E78D /* InsectDeterminant */ = {
			isa = PBXGroup;
			children = (
				845C0C921AC777E90033E78D /* InsectDeterminant.h */,
				845C0C931AC777E90033E78D /* InsectDeterminant.m */,
			);
			name = InsectDeterminant;
			sourceTree = "<group>";
		};
/* End PBXGroup section */

/* Begin PBXNativeTarget section */
		845C0C5E1AC777320033E78D /* LessonOne */ = {
			isa = PBXNativeTarget;
			buildConfigurationList = 845C0C851AC777320033E78D /* Build configuration list for PBXNativeTarget "LessonOne" */;
			buildPhases = (
				845C0C5B1AC777320033E78D /* Sources */,
				845C0C5C1AC777320033E78D /* Frameworks */,
				845C0C5D1AC777320033E78D /* Resources */,
			);
			buildRules = (
			);
			dependencies = (
			);
			name = LessonOne;
			productName = LessonOne;
			productReference = 845C0C5F1AC777320033E78D /* LessonOne.app */;
			productType = "com.apple.product-type.application";
		};
		845C0C7A1AC777320033E78D /* LessonOneTests */ = {
			isa = PBXNativeTarget;
			buildConfigurationList = 845C0C881AC777320033E78D /* Build configuration list for PBXNativeTarget "LessonOneTests" */;
			buildPhases = (
				845C0C771AC777320033E78D /* Sources */,
				845C0C781AC777320033E78D /* Frameworks */,
				845C0C791AC777320033E78D /* Resources */,
			);
			buildRules = (
			);
			dependencies = (
				845C0C7D1AC777320033E78D /* PBXTargetDependency */,
			);
			name = LessonOneTests;
			productName = LessonOneTests;
			productReference = 845C0C7B1AC777320033E78D /* LessonOneTests.xctest */;
			productType = "com.apple.product-type.bundle.unit-test";
		};
/* End PBXNativeTarget section */

/* Begin PBXProject section */
		845C0C571AC777320033E78D /* Project object */ = {
			isa = PBXProject;
			attributes = {
				LastUpgradeCheck = 0620;
				ORGANIZATIONNAME = "Mariya Beketova";
				TargetAttributes = {
					845C0C5E1AC777320033E78D = {
						CreatedOnToolsVersion = 6.2;
					};
					845C0C7A1AC777320033E78D = {
						CreatedOnToolsVersion = 6.2;
						TestTargetID = 845C0C5E1AC777320033E78D;
					};
				};
			};
			buildConfigurationList = 845C0C5A1AC777320033E78D /* Build configuration list for PBXProject "LessonOne" */;
			compatibilityVersion = "Xcode 3.2";
			developmentRegion = English;
			hasScannedForEncodings = 0;
			knownRegions = (
				en,
				Base,
			);
			mainGroup = 845C0C561AC777320033E78D;
			productRefGroup = 845C0C601AC777320033E78D /* Products */;
			projectDirPath = "";
			projectRoot = "";
			targets = (
				845C0C5E1AC777320033E78D /* LessonOne */,
				845C0C7A1AC777320033E78D /* LessonOneTests */,
			);
		};
/* End PBXProject section */

/* Begin PBXResourcesBuildPhase section */
		845C0C5D1AC777320033E78D /* Resources */ = {
			isa = PBXResourcesBuildPhase;
			buildActionMask = 2147483647;
			files = (
				845C0C711AC777320033E78D /* Main.storyboard in Resources */,
				845C0C761AC777320033E78D /* LaunchScreen.xib in Resources */,
				845C0C731AC777320033E78D /* Images.xcassets in Resources */,
			);
			runOnlyForDeploymentPostprocessing = 0;
		};
		845C0C791AC777320033E78D /* Resources */ = {
			isa = PBXResourcesBuildPhase;
			buildActionMask = 2147483647;
			files = (
			);
			runOnlyForDeploymentPostprocessing = 0;
		};
/* End PBXResourcesBuildPhase section */

/* Begin PBXSourcesBuildPhase section */
		845C0C5B1AC777320033E78D /* Sources */ = {
			isa = PBXSourcesBuildPhase;
			buildActionMask = 2147483647;
			files = (
				845C0C681AC777320033E78D /* AppDelegate.m in Sources */,
				845C0C6B1AC777320033E78D /* LessonOne.xcdatamodeld in Sources */,
				845C0C6E1AC777320033E78D /* ViewController.m in Sources */,
				845C0C651AC777320033E78D /* main.m in Sources */,
				845C0C941AC777E90033E78D /* InsectDeterminant.m in Sources */,
			);
			runOnlyForDeploymentPostprocessing = 0;
		};
		845C0C771AC777320033E78D /* Sources */ = {
			isa = PBXSourcesBuildPhase;
			buildActionMask = 2147483647;
			files = (
				845C0C821AC777320033E78D /* LessonOneTests.m in Sources */,
			);
			runOnlyForDeploymentPostprocessing = 0;
		};
/* End PBXSourcesBuildPhase section */

/* Begin PBXTargetDependency section */
		845C0C7D1AC777320033E78D /* PBXTargetDependency */ = {
			isa = PBXTargetDependency;
			target = 845C0C5E1AC777320033E78D /* LessonOne */;
			targetProxy = 845C0C7C1AC777320033E78D /* PBXContainerItemProxy */;
		};
/* End PBXTargetDependency section */

/* Begin PBXVariantGroup section */
		845C0C6F1AC777320033E78D /* Main.storyboard */ = {
			isa = PBXVariantGroup;
			children = (
				845C0C701AC777320033E78D /* Base */,
			);
			name = Main.storyboard;
			sourceTree = "<group>";
		};
		845C0C741AC777320033E78D /* LaunchScreen.xib */ = {
			isa = PBXVariantGroup;
			children = (
				845C0C751AC777320033E78D /* Base */,
			);
			name = LaunchScreen.xib;
			sourceTree = "<group>";
		};
/* End PBXVariantGroup section */

/* Begin XCBuildConfiguration section */
		845C0C831AC777320033E78D /* Debug */ = {
			isa = XCBuildConfiguration;
			buildSettings = {
				ALWAYS_SEARCH_USER_PATHS = NO;
				CLANG_CXX_LANGUAGE_STANDARD = "gnu++0x";
				CLANG_CXX_LIBRARY = "libc++";
				CLANG_ENABLE_MODULES = YES;
				CLANG_ENABLE_OBJC_ARC = YES;
				CLANG_WARN_BOOL_CONVERSION = YES;
				CLANG_WARN_CONSTANT_CONVERSION = YES;
				CLANG_WARN_DIRECT_OBJC_ISA_USAGE = YES_ERROR;
				CLANG_WARN_EMPTY_BODY = YES;
				CLANG_WARN_ENUM_CONVERSION = YES;
				CLANG_WARN_INT_CONVERSION = YES;
				CLANG_WARN_OBJC_ROOT_CLASS = YES_ERROR;
				CLANG_WARN_UNREACHABLE_CODE = YES;
				CLANG_WARN__DUPLICATE_METHOD_MATCH = YES;
				"CODE_SIGN_IDENTITY[sdk=iphoneos*]" = "iPhone Developer";
				COPY_PHASE_STRIP = NO;
				ENABLE_STRICT_OBJC_MSGSEND = YES;
				GCC_C_LANGUAGE_STANDARD = gnu99;
				GCC_DYNAMIC_NO_PIC = NO;
				GCC_OPTIMIZATION_LEVEL = 0;
				GCC_PREPROCESSOR_DEFINITIONS = (
					"DEBUG=1",
					"$(inherited)",
				);
				GCC_SYMBOLS_PRIVATE_EXTERN = NO;
				GCC_WARN_64_TO_32_BIT_CONVERSION = YES;
				GCC_WARN_ABOUT_RETURN_TYPE = YES_ERROR;
				GCC_WARN_UNDECLARED_SELECTOR = YES;
				GCC_WARN_UNINITIALIZED_AUTOS = YES_AGGRESSIVE;
				GCC_WARN_UNUSED_FUNCTION = YES;
				GCC_WARN_UNUSED_VARIABLE = YES;
				IPHONEOS_DEPLOYMENT_TARGET = 8.2;
				MTL_ENABLE_DEBUG_INFO = YES;
				ONLY_ACTIVE_ARCH = YES;
				SDKROOT = iphoneos;
				TARGETED_DEVICE_FAMILY = "1,2";
			};
			name = Debug;
		};
		845C0C841AC777320033E78D /* Release */ = {
			isa = XCBuildConfiguration;
			buildSettings = {
				ALWAYS_SEARCH_USER_PATHS = NO;
				CLANG_CXX_LANGUAGE_STANDARD = "gnu++0x";
				CLANG_CXX_LIBRARY = "libc++";
				CLANG_ENABLE_MODULES = YES;
				CLANG_ENABLE_OBJC_ARC = YES;
				CLANG_WARN_BOOL_CONVERSION = YES;
				CLANG_WARN_CONSTANT_CONVERSION = YES;
				CLANG_WARN_DIRECT_OBJC_ISA_USAGE = YES_ERROR;
				CLANG_WARN_EMPTY_BODY = YES;
				CLANG_WARN_ENUM_CONVERSION = YES;
				CLANG_WARN_INT_CONVERSION = YES;
				CLANG_WARN_OBJC_ROOT_CLASS = YES_ERROR;
				CLANG_WARN_UNREACHABLE_CODE = YES;
				CLANG_WARN__DUPLICATE_METHOD_MATCH = YES;
				"CODE_SIGN_IDENTITY[sdk=iphoneos*]" = "iPhone Developer";
				COPY_PHASE_STRIP = NO;
				ENABLE_NS_ASSERTIONS = NO;
				ENABLE_STRICT_OBJC_MSGSEND = YES;
				GCC_C_LANGUAGE_STANDARD = gnu99;
				GCC_WARN_64_TO_32_BIT_CONVERSION = YES;
				GCC_WARN_ABOUT_RETURN_TYPE = YES_ERROR;
				GCC_WARN_UNDECLARED_SELECTOR = YES;
				GCC_WARN_UNINITIALIZED_AUTOS = YES_AGGRESSIVE;
				GCC_WARN_UNUSED_FUNCTION = YES;
				GCC_WARN_UNUSED_VARIABLE = YES;
				IPHONEOS_DEPLOYMENT_TARGET = 8.2;
				MTL_ENABLE_DEBUG_INFO = NO;
				SDKROOT = iphoneos;
				TARGETED_DEVICE_FAMILY = "1,2";
				VALIDATE_PRODUCT = YES;
			};
			name = Release;
		};
		845C0C861AC777320033E78D /* Debug */ = {
			isa = XCBuildConfiguration;
			buildSettings = {
				ASSETCATALOG_COMPILER_APPICON_NAME = AppIcon;
				INFOPLIST_FILE = LessonOne/Info.plist;
				LD_RUNPATH_SEARCH_PATHS = "$(inherited) @executable_path/Frameworks";
				PRODUCT_NAME = "$(TARGET_NAME)";
			};
			name = Debug;
		};
		845C0C871AC777320033E78D /* Release */ = {
			isa = XCBuildConfiguration;
			buildSettings = {
				ASSETCATALOG_COMPILER_APPICON_NAME = AppIcon;
				INFOPLIST_FILE = LessonOne/Info.plist;
				LD_RUNPATH_SEARCH_PATHS = "$(inherited) @executable_path/Frameworks";
				PRODUCT_NAME = "$(TARGET_NAME)";
			};
			name = Release;
		};
		845C0C891AC777320033E78D /* Debug */ = {
			isa = XCBuildConfiguration;
			buildSettings = {
				BUNDLE_LOADER = "$(TEST_HOST)";
				FRAMEWORK_SEARCH_PATHS = (
					"$(SDKROOT)/Developer/Library/Frameworks",
					"$(inherited)",
				);
				GCC_PREPROCESSOR_DEFINITIONS = (
					"DEBUG=1",
					"$(inherited)",
				);
				INFOPLIST_FILE = LessonOneTests/Info.plist;
				LD_RUNPATH_SEARCH_PATHS = "$(inherited) @executable_path/Frameworks @loader_path/Frameworks";
				PRODUCT_NAME = "$(TARGET_NAME)";
				TEST_HOST = "$(BUILT_PRODUCTS_DIR)/LessonOne.app/LessonOne";
			};
			name = Debug;
		};
		845C0C8A1AC777320033E78D /* Release */ = {
			isa = XCBuildConfiguration;
			buildSettings = {
				BUNDLE_LOADER = "$(TEST_HOST)";
				FRAMEWORK_SEARCH_PATHS = (
					"$(SDKROOT)/Developer/Library/Frameworks",
					"$(inherited)",
				);
				INFOPLIST_FILE = LessonOneTests/Info.plist;
				LD_RUNPATH_SEARCH_PATHS = "$(inherited) @executable_path/Frameworks @loader_path/Frameworks";
				PRODUCT_NAME = "$(TARGET_NAME)";
				TEST_HOST = "$(BUILT_PRODUCTS_DIR)/LessonOne.app/LessonOne";
			};
			name = Release;
		};
/* End XCBuildConfiguration section */

/* Begin XCConfigurationList section */
		845C0C5A1AC777320033E78D /* Build configuration list for PBXProject "LessonOne" */ = {
			isa = XCConfigurationList;
			buildConfigurations = (
				845C0C831AC777320033E78D /* Debug */,
				845C0C841AC777320033E78D /* Release */,
			);
			defaultConfigurationIsVisible = 0;
			defaultConfigurationName = Release;
		};
		845C0C851AC777320033E78D /* Build configuration list for PBXNativeTarget "LessonOne" */ = {
			isa = XCConfigurationList;
			buildConfigurations = (
				845C0C861AC777320033E78D /* Debug */,
				845C0C871AC777320033E78D /* Release */,
			);
			defaultConfigurationIsVisible = 0;
		};
		845C0C881AC777320033E78D /* Build configuration list for PBXNativeTarget "LessonOneTests" */ = {
			isa = XCConfigurationList;
			buildConfigurations = (
				845C0C891AC777320033E78D /* Debug */,
				845C0C8A1AC777320033E78D /* Release */,
			);
			defaultConfigurationIsVisible = 0;
		};
/* End XCConfigurationList section */

/* Begin XCVersionGroup section */
		845C0C691AC777320033E78D /* LessonOne.xcdatamodeld */ = {
			isa = XCVersionGroup;
			children = (
				845C0C6A1AC777320033E78D /* LessonOne.xcdatamodel */,
			);
			currentVersion = 845C0C6A1AC777320033E78D /* LessonOne.xcdatamodel */;
			path = LessonOne.xcdatamodeld;
			sourceTree = "<group>";
			versionGroupType = wrapper.xcdatamodel;
		};
/* End XCVersionGroup section */
	};
	rootObject = 845C0C571AC777320033E78D /* Project object */;
}
